// !$*UTF8*$!
{
	archiveVersion = 1;
	classes = {
	};
	objectVersion = 46;
	objects = {

/* Begin PBXBuildFile section */
		77919E2A189C19030016A980 /* Foundation.framework in Frameworks */ = {isa = PBXBuildFile; fileRef = 77919E29189C19030016A980 /* Foundation.framework */; };
		77919E2C189C19030016A980 /* CoreGraphics.framework in Frameworks */ = {isa = PBXBuildFile; fileRef = 77919E2B189C19030016A980 /* CoreGraphics.framework */; };
		77919E2E189C19030016A980 /* UIKit.framework in Frameworks */ = {isa = PBXBuildFile; fileRef = 77919E2D189C19030016A980 /* UIKit.framework */; };
		77919E34189C19030016A980 /* InfoPlist.strings in Resources */ = {isa = PBXBuildFile; fileRef = 77919E32189C19030016A980 /* InfoPlist.strings */; };
		77919E36189C19030016A980 /* main.m in Sources */ = {isa = PBXBuildFile; fileRef = 77919E35189C19030016A980 /* main.m */; };
		77919E3A189C19030016A980 /* AppDelegate.m in Sources */ = {isa = PBXBuildFile; fileRef = 77919E39189C19030016A980 /* AppDelegate.m */; };
		77919E3C189C19030016A980 /* Images.xcassets in Resources */ = {isa = PBXBuildFile; fileRef = 77919E3B189C19030016A980 /* Images.xcassets */; };
		77919E43189C19030016A980 /* XCTest.framework in Frameworks */ = {isa = PBXBuildFile; fileRef = 77919E42189C19030016A980 /* XCTest.framework */; };
		77919E44189C19030016A980 /* Foundation.framework in Frameworks */ = {isa = PBXBuildFile; fileRef = 77919E29189C19030016A980 /* Foundation.framework */; };
		77919E45189C19030016A980 /* UIKit.framework in Frameworks */ = {isa = PBXBuildFile; fileRef = 77919E2D189C19030016A980 /* UIKit.framework */; };
		77919E4D189C19030016A980 /* InfoPlist.strings in Resources */ = {isa = PBXBuildFile; fileRef = 77919E4B189C19030016A980 /* InfoPlist.strings */; };
		77919E4F189C19030016A980 /* DatensaugerTests.m in Sources */ = {isa = PBXBuildFile; fileRef = 77919E4E189C19030016A980 /* DatensaugerTests.m */; };
		77919E5C189C19C70016A980 /* DataSourceModel.m in Sources */ = {isa = PBXBuildFile; fileRef = 77919E5B189C19C70016A980 /* DataSourceModel.m */; };
		77919E64189C19E40016A980 /* MainViewController.m in Sources */ = {isa = PBXBuildFile; fileRef = 77919E5F189C19E40016A980 /* MainViewController.m */; };
		77919E65189C19E40016A980 /* PickerViewController.m in Sources */ = {isa = PBXBuildFile; fileRef = 77919E61189C19E40016A980 /* PickerViewController.m */; };
		77919E66189C19E40016A980 /* TableViewController.m in Sources */ = {isa = PBXBuildFile; fileRef = 77919E63189C19E40016A980 /* TableViewController.m */; };
		77919E68189C1A000016A980 /* jaegerWW2_2.png in Resources */ = {isa = PBXBuildFile; fileRef = 77919E67189C1A000016A980 /* jaegerWW2_2.png */; };
		77919E6A189C1C6B0016A980 /* test.png in Resources */ = {isa = PBXBuildFile; fileRef = 77919E69189C1C6B0016A980 /* test.png */; };
/* End PBXBuildFile section */

/* Begin PBXContainerItemProxy section */
		77919E46189C19030016A980 /* PBXContainerItemProxy */ = {
			isa = PBXContainerItemProxy;
			containerPortal = 77919E1E189C19030016A980 /* Project object */;
			proxyType = 1;
			remoteGlobalIDString = 77919E25189C19030016A980;
			remoteInfo = Datensauger;
		};
/* End PBXContainerItemProxy section */

/* Begin PBXFileReference section */
		77919E26189C19030016A980 /* Datensauger.app */ = {isa = PBXFileReference; explicitFileType = wrapper.application; includeInIndex = 0; path = Datensauger.app; sourceTree = BUILT_PRODUCTS_DIR; };
		77919E29189C19030016A980 /* Foundation.framework */ = {isa = PBXFileReference; lastKnownFileType = wrapper.framework; name = Foundation.framework; path = System/Library/Frameworks/Foundation.framework; sourceTree = SDKROOT; };
		77919E2B189C19030016A980 /* CoreGraphics.framework */ = {isa = PBXFileReference; lastKnownFileType = wrapper.framework; name = CoreGraphics.framework; path = System/Library/Frameworks/CoreGraphics.framework; sourceTree = SDKROOT; };
		77919E2D189C19030016A980 /* UIKit.framework */ = {isa = PBXFileReference; lastKnownFileType = wrapper.framework; name = UIKit.framework; path = System/Library/Frameworks/UIKit.framework; sourceTree = SDKROOT; };
		77919E31189C19030016A980 /* Datensauger-Info.plist */ = {isa = PBXFileReference; lastKnownFileType = text.plist.xml; path = "Datensauger-Info.plist"; sourceTree = "<group>"; };
		77919E33189C19030016A980 /* en */ = {isa = PBXFileReference; lastKnownFileType = text.plist.strings; name = en; path = en.lproj/InfoPlist.strings; sourceTree = "<group>"; };
		77919E35189C19030016A980 /* main.m */ = {isa = PBXFileReference; lastKnownFileType = sourcecode.c.objc; path = main.m; sourceTree = "<group>"; };
		77919E37189C19030016A980 /* Datensauger-Prefix.pch */ = {isa = PBXFileReference; lastKnownFileType = sourcecode.c.h; path = "Datensauger-Prefix.pch"; sourceTree = "<group>"; };
		77919E38189C19030016A980 /* AppDelegate.h */ = {isa = PBXFileReference; lastKnownFileType = sourcecode.c.h; path = AppDelegate.h; sourceTree = "<group>"; };
		77919E39189C19030016A980 /* AppDelegate.m */ = {isa = PBXFileReference; lastKnownFileType = sourcecode.c.objc; path = AppDelegate.m; sourceTree = "<group>"; };
		77919E3B189C19030016A980 /* Images.xcassets */ = {isa = PBXFileReference; lastKnownFileType = folder.assetcatalog; path = Images.xcassets; sourceTree = "<group>"; };
		77919E41189C19030016A980 /* DatensaugerTests.xctest */ = {isa = PBXFileReference; explicitFileType = wrapper.cfbundle; includeInIndex = 0; path = DatensaugerTests.xctest; sourceTree = BUILT_PRODUCTS_DIR; };
		77919E42189C19030016A980 /* XCTest.framework */ = {isa = PBXFileReference; lastKnownFileType = wrapper.framework; name = XCTest.framework; path = Library/Frameworks/XCTest.framework; sourceTree = DEVELOPER_DIR; };
		77919E4A189C19030016A980 /* DatensaugerTests-Info.plist */ = {isa = PBXFileReference; lastKnownFileType = text.plist.xml; path = "DatensaugerTests-Info.plist"; sourceTree = "<group>"; };
		77919E4C189C19030016A980 /* en */ = {isa = PBXFileReference; lastKnownFileType = text.plist.strings; name = en; path = en.lproj/InfoPlist.strings; sourceTree = "<group>"; };
		77919E4E189C19030016A980 /* DatensaugerTests.m */ = {isa = PBXFileReference; lastKnownFileType = sourcecode.c.objc; path = DatensaugerTests.m; sourceTree = "<group>"; };
		77919E58189C19AF0016A980 /* GraphicsProtocol.h */ = {isa = PBXFileReference; fileEncoding = 4; lastKnownFileType = sourcecode.c.h; path = GraphicsProtocol.h; sourceTree = "<group>"; };
		77919E5A189C19C70016A980 /* DataSourceModel.h */ = {isa = PBXFileReference; fileEncoding = 4; lastKnownFileType = sourcecode.c.h; path = DataSourceModel.h; sourceTree = "<group>"; };
		77919E5B189C19C70016A980 /* DataSourceModel.m */ = {isa = PBXFileReference; fileEncoding = 4; lastKnownFileType = sourcecode.c.objc; path = DataSourceModel.m; sourceTree = "<group>"; };
		77919E5E189C19E40016A980 /* MainViewController.h */ = {isa = PBXFileReference; fileEncoding = 4; lastKnownFileType = sourcecode.c.h; path = MainViewController.h; sourceTree = "<group>"; };
		77919E5F189C19E40016A980 /* MainViewController.m */ = {isa = PBXFileReference; fileEncoding = 4; lastKnownFileType = sourcecode.c.objc; path = MainViewController.m; sourceTree = "<group>"; };
		77919E60189C19E40016A980 /* PickerViewController.h */ = {isa = PBXFileReference; fileEncoding = 4; lastKnownFileType = sourcecode.c.h; path = PickerViewController.h; sourceTree = "<group>"; };
		77919E61189C19E40016A980 /* PickerViewController.m */ = {isa = PBXFileReference; fileEncoding = 4; lastKnownFileType = sourcecode.c.objc; path = PickerViewController.m; sourceTree = "<group>"; };
		77919E62189C19E40016A980 /* TableViewController.h */ = {isa = PBXFileReference; fileEncoding = 4; lastKnownFileType = sourcecode.c.h; path = TableViewController.h; sourceTree = "<group>"; };
		77919E63189C19E40016A980 /* TableViewController.m */ = {isa = PBXFileReference; fileEncoding = 4; lastKnownFileType = sourcecode.c.objc; path = TableViewController.m; sourceTree = "<group>"; };
		77919E67189C1A000016A980 /* jaegerWW2_2.png */ = {isa = PBXFileReference; lastKnownFileType = image.png; path = jaegerWW2_2.png; sourceTree = "<group>"; };
		77919E69189C1C6B0016A980 /* test.png */ = {isa = PBXFileReference; lastKnownFileType = image.png; path = test.png; sourceTree = "<group>"; };
/* End PBXFileReference section */

/* Begin PBXFrameworksBuildPhase section */
		77919E23189C19030016A980 /* Frameworks */ = {
			isa = PBXFrameworksBuildPhase;
			buildActionMask = 2147483647;
			files = (
				77919E2C189C19030016A980 /* CoreGraphics.framework in Frameworks */,
				77919E2E189C19030016A980 /* UIKit.framework in Frameworks */,
				77919E2A189C19030016A980 /* Foundation.framework in Frameworks */,
			);
			runOnlyForDeploymentPostprocessing = 0;
		};
		77919E3E189C19030016A980 /* Frameworks */ = {
			isa = PBXFrameworksBuildPhase;
			buildActionMask = 2147483647;
			files = (
				77919E43189C19030016A980 /* XCTest.framework in Frameworks */,
				77919E45189C19030016A980 /* UIKit.framework in Frameworks */,
				77919E44189C19030016A980 /* Foundation.framework in Frameworks */,
			);
			runOnlyForDeploymentPostprocessing = 0;
		};
/* End PBXFrameworksBuildPhase section */

/* Begin PBXGroup section */
		77919E1D189C19030016A980 = {
			isa = PBXGroup;
			children = (
				77919E2F189C19030016A980 /* Datensauger */,
				77919E48189C19030016A980 /* DatensaugerTests */,
				77919E28189C19030016A980 /* Frameworks */,
				77919E27189C19030016A980 /* Products */,
			);
			sourceTree = "<group>";
		};
		77919E27189C19030016A980 /* Products */ = {
			isa = PBXGroup;
			children = (
				77919E26189C19030016A980 /* Datensauger.app */,
				77919E41189C19030016A980 /* DatensaugerTests.xctest */,
			);
			name = Products;
			sourceTree = "<group>";
		};
		77919E28189C19030016A980 /* Frameworks */ = {
			isa = PBXGroup;
			children = (
				77919E29189C19030016A980 /* Foundation.framework */,
				77919E2B189C19030016A980 /* CoreGraphics.framework */,
				77919E2D189C19030016A980 /* UIKit.framework */,
				77919E42189C19030016A980 /* XCTest.framework */,
			);
			name = Frameworks;
			sourceTree = "<group>";
		};
		77919E2F189C19030016A980 /* Datensauger */ = {
			isa = PBXGroup;
			children = (
				77919E59189C19C70016A980 /* Model */,
				77919E5D189C19E40016A980 /* ViewController */,
				77919E39189C19030016A980 /* AppDelegate.m */,
				77919E38189C19030016A980 /* AppDelegate.h */,
				77919E58189C19AF0016A980 /* GraphicsProtocol.h */,
				77919E67189C1A000016A980 /* jaegerWW2_2.png */,
				77919E69189C1C6B0016A980 /* test.png */,
				77919E3B189C19030016A980 /* Images.xcassets */,
				77919E30189C19030016A980 /* Supporting Files */,
			);
			path = Datensauger;
			sourceTree = "<group>";
		};
		77919E30189C19030016A980 /* Supporting Files */ = {
			isa = PBXGroup;
			children = (
				77919E31189C19030016A980 /* Datensauger-Info.plist */,
				77919E32189C19030016A980 /* InfoPlist.strings */,
				77919E35189C19030016A980 /* main.m */,
				77919E37189C19030016A980 /* Datensauger-Prefix.pch */,
			);
			name = "Supporting Files";
			sourceTree = "<group>";
		};
		77919E48189C19030016A980 /* DatensaugerTests */ = {
			isa = PBXGroup;
			children = (
				77919E4E189C19030016A980 /* DatensaugerTests.m */,
				77919E49189C19030016A980 /* Supporting Files */,
			);
			path = DatensaugerTests;
			sourceTree = "<group>";
		};
		77919E49189C19030016A980 /* Supporting Files */ = {
			isa = PBXGroup;
			children = (
				77919E4A189C19030016A980 /* DatensaugerTests-Info.plist */,
				77919E4B189C19030016A980 /* InfoPlist.strings */,
			);
			name = "Supporting Files";
			sourceTree = "<group>";
		};
		77919E59189C19C70016A980 /* Model */ = {
			isa = PBXGroup;
			children = (
				77919E5A189C19C70016A980 /* DataSourceModel.h */,
				77919E5B189C19C70016A980 /* DataSourceModel.m */,
			);
			path = Model;
			sourceTree = "<group>";
		};
		77919E5D189C19E40016A980 /* ViewController */ = {
			isa = PBXGroup;
			children = (
				77919E5E189C19E40016A980 /* MainViewController.h */,
				77919E5F189C19E40016A980 /* MainViewController.m */,
				77919E60189C19E40016A980 /* PickerViewController.h */,
				77919E61189C19E40016A980 /* PickerViewController.m */,
				77919E62189C19E40016A980 /* TableViewController.h */,
				77919E63189C19E40016A980 /* TableViewController.m */,
			);
			path = ViewController;
			sourceTree = "<group>";
		};
/* End PBXGroup section */

/* Begin PBXNativeTarget section */
		77919E25189C19030016A980 /* Datensauger */ = {
			isa = PBXNativeTarget;
			buildConfigurationList = 77919E52189C19030016A980 /* Build configuration list for PBXNativeTarget "Datensauger" */;
			buildPhases = (
				77919E22189C19030016A980 /* Sources */,
				77919E23189C19030016A980 /* Frameworks */,
				77919E24189C19030016A980 /* Resources */,
			);
			buildRules = (
			);
			dependencies = (
			);
			name = Datensauger;
			productName = Datensauger;
			productReference = 77919E26189C19030016A980 /* Datensauger.app */;
			productType = "com.apple.product-type.application";
		};
		77919E40189C19030016A980 /* DatensaugerTests */ = {
			isa = PBXNativeTarget;
			buildConfigurationList = 77919E55189C19030016A980 /* Build configuration list for PBXNativeTarget "DatensaugerTests" */;
			buildPhases = (
				77919E3D189C19030016A980 /* Sources */,
				77919E3E189C19030016A980 /* Frameworks */,
				77919E3F189C19030016A980 /* Resources */,
			);
			buildRules = (
			);
			dependencies = (
				77919E47189C19030016A980 /* PBXTargetDependency */,
			);
			name = DatensaugerTests;
			productName = DatensaugerTests;
			productReference = 77919E41189C19030016A980 /* DatensaugerTests.xctest */;
			productType = "com.apple.product-type.bundle.unit-test";
		};
/* End PBXNativeTarget section */

/* Begin PBXProject section */
		77919E1E189C19030016A980 /* Project object */ = {
			isa = PBXProject;
			attributes = {
				LastUpgradeCheck = 0500;
				ORGANIZATIONNAME = "Frank Regel";
				TargetAttributes = {
					77919E40189C19030016A980 = {
						TestTargetID = 77919E25189C19030016A980;
					};
				};
			};
			buildConfigurationList = 77919E21189C19030016A980 /* Build configuration list for PBXProject "Datensauger" */;
			compatibilityVersion = "Xcode 3.2";
			developmentRegion = English;
			hasScannedForEncodings = 0;
			knownRegions = (
				en,
			);
			mainGroup = 77919E1D189C19030016A980;
			productRefGroup = 77919E27189C19030016A980 /* Products */;
			projectDirPath = "";
			projectRoot = "";
			targets = (
				77919E25189C19030016A980 /* Datensauger */,
				77919E40189C19030016A980 /* DatensaugerTests */,
			);
		};
/* End PBXProject section */

/* Begin PBXResourcesBuildPhase section */
		77919E24189C19030016A980 /* Resources */ = {
			isa = PBXResourcesBuildPhase;
			buildActionMask = 2147483647;
			files = (
				77919E68189C1A000016A980 /* jaegerWW2_2.png in Resources */,
				77919E34189C19030016A980 /* InfoPlist.strings in Resources */,
				77919E3C189C19030016A980 /* Images.xcassets in Resources */,
				77919E6A189C1C6B0016A980 /* test.png in Resources */,
			);
			runOnlyForDeploymentPostprocessing = 0;
		};
		77919E3F189C19030016A980 /* Resources */ = {
			isa = PBXResourcesBuildPhase;
			buildActionMask = 2147483647;
			files = (
				77919E4D189C19030016A980 /* InfoPlist.strings in Resources */,
			);
			runOnlyForDeploymentPostprocessing = 0;
		};
/* End PBXResourcesBuildPhase section */

/* Begin PBXSourcesBuildPhase section */
		77919E22189C19030016A980 /* Sources */ = {
			isa = PBXSourcesBuildPhase;
			buildActionMask = 2147483647;
			files = (
				77919E3A189C19030016A980 /* AppDelegate.m in Sources */,
				77919E66189C19E40016A980 /* TableViewController.m in Sources */,
				77919E36189C19030016A980 /* main.m in Sources */,
				77919E65189C19E40016A980 /* PickerViewController.m in Sources */,
				77919E5C189C19C70016A980 /* DataSourceModel.m in Sources */,
				77919E64189C19E40016A980 /* MainViewController.m in Sources */,
			);
			runOnlyForDeploymentPostprocessing = 0;
		};
		77919E3D189C19030016A980 /* Sources */ = {
			isa = PBXSourcesBuildPhase;
			buildActionMask = 2147483647;
			files = (
				77919E4F189C19030016A980 /* DatensaugerTests.m in Sources */,
			);
			runOnlyForDeploymentPostprocessing = 0;
		};
/* End PBXSourcesBuildPhase section */

/* Begin PBXTargetDependency section */
		77919E47189C19030016A980 /* PBXTargetDependency */ = {
			isa = PBXTargetDependency;
			target = 77919E25189C19030016A980 /* Datensauger */;
			targetProxy = 77919E46189C19030016A980 /* PBXContainerItemProxy */;
		};
/* End PBXTargetDependency section */

/* Begin PBXVariantGroup section */
		77919E32189C19030016A980 /* InfoPlist.strings */ = {
			isa = PBXVariantGroup;
			children = (
				77919E33189C19030016A980 /* en */,
			);
			name = InfoPlist.strings;
			sourceTree = "<group>";
		};
		77919E4B189C19030016A980 /* InfoPlist.strings */ = {
			isa = PBXVariantGroup;
			children = (
				77919E4C189C19030016A980 /* en */,
			);
			name = InfoPlist.strings;
			sourceTree = "<group>";
		};
/* End PBXVariantGroup section */

/* Begin XCBuildConfiguration section */
		77919E50189C19030016A980 /* Debug */ = {
			isa = XCBuildConfiguration;
			buildSettings = {
				ALWAYS_SEARCH_USER_PATHS = NO;
				ARCHS = "$(ARCHS_STANDARD_INCLUDING_64_BIT)";
				CLANG_CXX_LANGUAGE_STANDARD = "gnu++0x";
				CLANG_CXX_LIBRARY = "libc++";
				CLANG_ENABLE_MODULES = YES;
				CLANG_ENABLE_OBJC_ARC = YES;
				CLANG_WARN_BOOL_CONVERSION = YES;
				CLANG_WARN_CONSTANT_CONVERSION = YES;
				CLANG_WARN_DIRECT_OBJC_ISA_USAGE = YES_ERROR;
				CLANG_WARN_EMPTY_BODY = YES;
				CLANG_WARN_ENUM_CONVERSION = YES;
				CLANG_WARN_INT_CONVERSION = YES;
				CLANG_WARN_OBJC_ROOT_CLASS = YES_ERROR;
				CLANG_WARN__DUPLICATE_METHOD_MATCH = YES;
				"CODE_SIGN_IDENTITY[sdk=iphoneos*]" = "iPhone Developer";
				COPY_PHASE_STRIP = NO;
				GCC_C_LANGUAGE_STANDARD = gnu99;
				GCC_DYNAMIC_NO_PIC = NO;
				GCC_OPTIMIZATION_LEVEL = 0;
				GCC_PREPROCESSOR_DEFINITIONS = (
					"DEBUG=1",
					"$(inherited)",
				);
				GCC_SYMBOLS_PRIVATE_EXTERN = NO;
				GCC_WARN_64_TO_32_BIT_CONVERSION = YES;
				GCC_WARN_ABOUT_RETURN_TYPE = YES_ERROR;
				GCC_WARN_UNDECLARED_SELECTOR = YES;
				GCC_WARN_UNINITIALIZED_AUTOS = YES;
				GCC_WARN_UNUSED_FUNCTION = YES;
				GCC_WARN_UNUSED_VARIABLE = YES;
				IPHONEOS_DEPLOYMENT_TARGET = 7.0;
				ONLY_ACTIVE_ARCH = YES;
				SDKROOT = iphoneos;
			};
			name = Debug;
		};
		77919E51189C19030016A980 /* Release */ = {
			isa = XCBuildConfiguration;
			buildSettings = {
				ALWAYS_SEARCH_USER_PATHS = NO;
				ARCHS = "$(ARCHS_STANDARD_INCLUDING_64_BIT)";
				CLANG_CXX_LANGUAGE_STANDARD = "gnu++0x";
				CLANG_CXX_LIBRARY = "libc++";
				CLANG_ENABLE_MODULES = YES;
				CLANG_ENABLE_OBJC_ARC = YES;
				CLANG_WARN_BOOL_CONVERSION = YES;
				CLANG_WARN_CONSTANT_CONVERSION = YES;
				CLANG_WARN_DIRECT_OBJC_ISA_USAGE = YES_ERROR;
				CLANG_WARN_EMPTY_BODY = YES;
				CLANG_WARN_ENUM_CONVERSION = YES;
				CLANG_WARN_INT_CONVERSION = YES;
				CLANG_WARN_OBJC_ROOT_CLASS = YES_ERROR;
				CLANG_WARN__DUPLICATE_METHOD_MATCH = YES;
				"CODE_SIGN_IDENTITY[sdk=iphoneos*]" = "iPhone Developer";
				COPY_PHASE_STRIP = YES;
				ENABLE_NS_ASSERTIONS = NO;
				GCC_C_LANGUAGE_STANDARD = gnu99;
				GCC_WARN_64_TO_32_BIT_CONVERSION = YES;
				GCC_WARN_ABOUT_RETURN_TYPE = YES_ERROR;
				GCC_WARN_UNDECLARED_SELECTOR = YES;
				GCC_WARN_UNINITIALIZED_AUTOS = YES;
				GCC_WARN_UNUSED_FUNCTION = YES;
				GCC_WARN_UNUSED_VARIABLE = YES;
				IPHONEOS_DEPLOYMENT_TARGET = 7.0;
				SDKROOT = iphoneos;
				VALIDATE_PRODUCT = YES;
			};
			name = Release;
		};
		77919E53189C19030016A980 /* Debug */ = {
			isa = XCBuildConfiguration;
			buildSettings = {
				ASSETCATALOG_COMPILER_APPICON_NAME = AppIcon;
				ASSETCATALOG_COMPILER_LAUNCHIMAGE_NAME = LaunchImage;
				GCC_PRECOMPILE_PREFIX_HEADER = YES;
				GCC_PREFIX_HEADER = "Datensauger/Datensauger-Prefix.pch";
				INFOPLIST_FILE = "Datensauger/Datensauger-Info.plist";
				PRODUCT_NAME = "$(TARGET_NAME)";
				WRAPPER_EXTENSION = app;
			};
			name = Debug;
		};
		77919E54189C19030016A980 /* Release */ = {
			isa = XCBuildConfiguration;
			buildSettings = {
				ASSETCATALOG_COMPILER_APPICON_NAME = AppIcon;
				ASSETCATALOG_COMPILER_LAUNCHIMAGE_NAME = LaunchImage;
				GCC_PRECOMPILE_PREFIX_HEADER = YES;
				GCC_PREFIX_HEADER = "Datensauger/Datensauger-Prefix.pch";
				INFOPLIST_FILE = "Datensauger/Datensauger-Info.plist";
				PRODUCT_NAME = "$(TARGET_NAME)";
				WRAPPER_EXTENSION = app;
			};
			name = Release;
		};
		77919E56189C19030016A980 /* Debug */ = {
			isa = XCBuildConfiguration;
			buildSettings = {
				ARCHS = "$(ARCHS_STANDARD_INCLUDING_64_BIT)";
				BUNDLE_LOADER = "$(BUILT_PRODUCTS_DIR)/Datensauger.app/Datensauger";
				FRAMEWORK_SEARCH_PATHS = (
					"$(SDKROOT)/Developer/Library/Frameworks",
					"$(inherited)",
					"$(DEVELOPER_FRAMEWORKS_DIR)",
				);
				GCC_PRECOMPILE_PREFIX_HEADER = YES;
				GCC_PREFIX_HEADER = "Datensauger/Datensauger-Prefix.pch";
				GCC_PREPROCESSOR_DEFINITIONS = (
					"DEBUG=1",
					"$(inherited)",
				);
				INFOPLIST_FILE = "DatensaugerTests/DatensaugerTests-Info.plist";
				PRODUCT_NAME = "$(TARGET_NAME)";
				TEST_HOST = "$(BUNDLE_LOADER)";
				WRAPPER_EXTENSION = xctest;
			};
			name = Debug;
		};
		77919E57189C19030016A980 /* Release */ = {
			isa = XCBuildConfiguration;
			buildSettings = {
				ARCHS = "$(ARCHS_STANDARD_INCLUDING_64_BIT)";
				BUNDLE_LOADER = "$(BUILT_PRODUCTS_DIR)/Datensauger.app/Datensauger";
				FRAMEWORK_SEARCH_PATHS = (
					"$(SDKROOT)/Developer/Library/Frameworks",
					"$(inherited)",
					"$(DEVELOPER_FRAMEWORKS_DIR)",
				);
				GCC_PRECOMPILE_PREFIX_HEADER = YES;
				GCC_PREFIX_HEADER = "Datensauger/Datensauger-Prefix.pch";
				INFOPLIST_FILE = "DatensaugerTests/DatensaugerTests-Info.plist";
				PRODUCT_NAME = "$(TARGET_NAME)";
				TEST_HOST = "$(BUNDLE_LOADER)";
				WRAPPER_EXTENSION = xctest;
			};
			name = Release;
		};
/* End XCBuildConfiguration section */

/* Begin XCConfigurationList section */
		77919E21189C19030016A980 /* Build configuration list for PBXProject "Datensauger" */ = {
			isa = XCConfigurationList;
			buildConfigurations = (
				77919E50189C19030016A980 /* Debug */,
				77919E51189C19030016A980 /* Release */,
			);
			defaultConfigurationIsVisible = 0;
			defaultConfigurationName = Release;
		};
		77919E52189C19030016A980 /* Build configuration list for PBXNativeTarget "Datensauger" */ = {
			isa = XCConfigurationList;
			buildConfigurations = (
				77919E53189C19030016A980 /* Debug */,
				77919E54189C19030016A980 /* Release */,
			);
			defaultConfigurationIsVisible = 0;
			defaultConfigurationName = Release;
		};
		77919E55189C19030016A980 /* Build configuration list for PBXNativeTarget "DatensaugerTests" */ = {
			isa = XCConfigurationList;
			buildConfigurations = (
				77919E56189C19030016A980 /* Debug */,
				77919E57189C19030016A980 /* Release */,
			);
			defaultConfigurationIsVisible = 0;
			defaultConfigurationName = Release;
		};
/* End XCConfigurationList section */
	};
	rootObject = 77919E1E189C19030016A980 /* Project object */;
}
